
Microsoft Visual Studio Solution File, Format Version 12.00
# Visual Studio Version 17
VisualStudioVersion = 17.0.32112.339
MinimumVisualStudioVersion = 10.0.40219.1
Project("{FAE04EC0-301F-11D3-BF4B-00C04F79EFBC}") = "FoodTracker", "FoodTracker\FoodTracker.csproj", "{38F57C6E-6699-4E48-B9A3-2D0F3A2A2ED5}"
EndProject
Global
	GlobalSection(SolutionConfigurationPlatforms) = preSolution
		Debug|Any CPU = Debug|Any CPU
		Release|Any CPU = Release|Any CPU
	EndGlobalSection
	GlobalSection(ProjectConfigurationPlatforms) = postSolution
		{38F57C6E-6699-4E48-B9A3-2D0F3A2A2ED5}.Debug|Any CPU.ActiveCfg = Debug|Any CPU
		{38F57C6E-6699-4E48-B9A3-2D0F3A2A2ED5}.Debug|Any CPU.Build.0 = Debug|Any CPU
		{38F57C6E-6699-4E48-B9A3-2D0F3A2A2ED5}.Release|Any CPU.ActiveCfg = Release|Any CPU
		{38F57C6E-6699-4E48-B9A3-2D0F3A2A2ED5}.Release|Any CPU.Build.0 = Release|Any CPU
	EndGlobalSection
	GlobalSection(SolutionProperties) = preSolution
		HideSolutionNode = FALSE
	EndGlobalSection
	GlobalSection(ExtensibilityGlobals) = postSolution
		SolutionGuid = {494E207D-80D7-4AAB-850C-2DB22161AA9E}
	EndGlobalSection
EndGlobal
